// !$*UTF8*$!
{
	archiveVersion = 1;
	classes = {
	};
	objectVersion = 50;
	objects = {

/* Begin PBXBuildFile section */
		3E43FC2025ED6D65001FCE2C /* PokemonCellViewModel.swift in Sources */ = {isa = PBXBuildFile; fileRef = 3E43FC1F25ED6D65001FCE2C /* PokemonCellViewModel.swift */; };
		3E55392E25E81D1A0093214A /* PokeAPI.swift in Sources */ = {isa = PBXBuildFile; fileRef = 3E55392D25E81D1A0093214A /* PokeAPI.swift */; };
		3E55393125E81D250093214A /* DetailsCoordinator.swift in Sources */ = {isa = PBXBuildFile; fileRef = 3E55393025E81D250093214A /* DetailsCoordinator.swift */; };
		3E55393425E81D300093214A /* DetailsViewModel.swift in Sources */ = {isa = PBXBuildFile; fileRef = 3E55393325E81D300093214A /* DetailsViewModel.swift */; };
		3E55393725E81D360093214A /* DetailsViewController.swift in Sources */ = {isa = PBXBuildFile; fileRef = 3E55393625E81D360093214A /* DetailsViewController.swift */; };
		3E55393A25E81D3E0093214A /* MainModel.swift in Sources */ = {isa = PBXBuildFile; fileRef = 3E55393925E81D3E0093214A /* MainModel.swift */; };
		3E62411F25EBB116001A8671 /* DetailsHeaderView.swift in Sources */ = {isa = PBXBuildFile; fileRef = 3E62411E25EBB116001A8671 /* DetailsHeaderView.swift */; };
		3E62412325EBB265001A8671 /* DetailHeaderModel.swift in Sources */ = {isa = PBXBuildFile; fileRef = 3E62412225EBB265001A8671 /* DetailHeaderModel.swift */; };
		3E62412925EBB72E001A8671 /* TypeCollectionViewCell.swift in Sources */ = {isa = PBXBuildFile; fileRef = 3E62412825EBB72E001A8671 /* TypeCollectionViewCell.swift */; };
		3E62412D25EBBA3D001A8671 /* DetailsHeaderViewModel.swift in Sources */ = {isa = PBXBuildFile; fileRef = 3E62412C25EBBA3D001A8671 /* DetailsHeaderViewModel.swift */; };
		3E75BB4225F16F5000B96E2C /* SearchCollectionReusableView.swift in Sources */ = {isa = PBXBuildFile; fileRef = 3E75BB4125F16F5000B96E2C /* SearchCollectionReusableView.swift */; };
		3E7CC0AD25E7E15900823793 /* AppCoordinator.swift in Sources */ = {isa = PBXBuildFile; fileRef = 3E7CC0AC25E7E15900823793 /* AppCoordinator.swift */; };
		3E7CC0B125E7E35800823793 /* MainCoordinator.swift in Sources */ = {isa = PBXBuildFile; fileRef = 3E7CC0B025E7E35800823793 /* MainCoordinator.swift */; };
		3E7CC0B425E7E3C100823793 /* MainViewController.swift in Sources */ = {isa = PBXBuildFile; fileRef = 3E7CC0B325E7E3C100823793 /* MainViewController.swift */; };
		3E7CC0B925E7E6FC00823793 /* MainViewModel.swift in Sources */ = {isa = PBXBuildFile; fileRef = 3E7CC0B825E7E6FC00823793 /* MainViewModel.swift */; };
		3E817DE225EEB3A6003036E5 /* AbilityViewModel.swift in Sources */ = {isa = PBXBuildFile; fileRef = 3E817DE125EEB3A6003036E5 /* AbilityViewModel.swift */; };
		3E821AEF25E9097500BB991A /* PokemonCollectionViewCell.swift in Sources */ = {isa = PBXBuildFile; fileRef = 3E821AEE25E9097500BB991A /* PokemonCollectionViewCell.swift */; };
		3E821AF425E90AE900BB991A /* PokemonModel.swift in Sources */ = {isa = PBXBuildFile; fileRef = 3E55392425E801880093214A /* PokemonModel.swift */; };
		3E821AF725E90BC700BB991A /* Extensions.swift in Sources */ = {isa = PBXBuildFile; fileRef = 3E821AF625E90BC700BB991A /* Extensions.swift */; };
		3E821AFA25E92F4900BB991A /* LoaderViews.swift in Sources */ = {isa = PBXBuildFile; fileRef = 3E821AF925E92F4900BB991A /* LoaderViews.swift */; };
		3EA3C82825E7A71200CBFEE7 /* AppDelegate.swift in Sources */ = {isa = PBXBuildFile; fileRef = 3EA3C82725E7A71200CBFEE7 /* AppDelegate.swift */; };
		3EA3C83125E7A71300CBFEE7 /* Assets.xcassets in Resources */ = {isa = PBXBuildFile; fileRef = 3EA3C83025E7A71300CBFEE7 /* Assets.xcassets */; };
		3EA3C83425E7A71300CBFEE7 /* LaunchScreen.storyboard in Resources */ = {isa = PBXBuildFile; fileRef = 3EA3C83225E7A71300CBFEE7 /* LaunchScreen.storyboard */; };
		3EAE3AE925F0221000B4BD5C /* DimensionsViewModel.swift in Sources */ = {isa = PBXBuildFile; fileRef = 3EAE3AE825F0221000B4BD5C /* DimensionsViewModel.swift */; };
		3EAE3AF325F0264500B4BD5C /* DimensionsTableViewCell.swift in Sources */ = {isa = PBXBuildFile; fileRef = 3EAE3AF225F0264500B4BD5C /* DimensionsTableViewCell.swift */; };
		3EAE73F925ECF54B0040153F /* StatsTableViewCell.swift in Sources */ = {isa = PBXBuildFile; fileRef = 3EAE73F825ECF54B0040153F /* StatsTableViewCell.swift */; };
		3EAE73FC25ECF7910040153F /* StatViewModel.swift in Sources */ = {isa = PBXBuildFile; fileRef = 3EAE73FB25ECF7910040153F /* StatViewModel.swift */; };
		3EC412DE25EBE4F70080C328 /* CarouselView.swift in Sources */ = {isa = PBXBuildFile; fileRef = 3EC412DD25EBE4F70080C328 /* CarouselView.swift */; };
/* End PBXBuildFile section */

/* Begin PBXFileReference section */
		3E43FC1F25ED6D65001FCE2C /* PokemonCellViewModel.swift */ = {isa = PBXFileReference; lastKnownFileType = sourcecode.swift; path = PokemonCellViewModel.swift; sourceTree = "<group>"; };
		3E55392425E801880093214A /* PokemonModel.swift */ = {isa = PBXFileReference; lastKnownFileType = sourcecode.swift; path = PokemonModel.swift; sourceTree = "<group>"; };
		3E55392D25E81D1A0093214A /* PokeAPI.swift */ = {isa = PBXFileReference; fileEncoding = 4; lastKnownFileType = sourcecode.swift; path = PokeAPI.swift; sourceTree = "<group>"; };
		3E55393025E81D250093214A /* DetailsCoordinator.swift */ = {isa = PBXFileReference; fileEncoding = 4; lastKnownFileType = sourcecode.swift; path = DetailsCoordinator.swift; sourceTree = "<group>"; };
		3E55393325E81D300093214A /* DetailsViewModel.swift */ = {isa = PBXFileReference; fileEncoding = 4; lastKnownFileType = sourcecode.swift; path = DetailsViewModel.swift; sourceTree = "<group>"; };
		3E55393625E81D360093214A /* DetailsViewController.swift */ = {isa = PBXFileReference; fileEncoding = 4; lastKnownFileType = sourcecode.swift; path = DetailsViewController.swift; sourceTree = "<group>"; };
		3E55393925E81D3E0093214A /* MainModel.swift */ = {isa = PBXFileReference; fileEncoding = 4; lastKnownFileType = sourcecode.swift; path = MainModel.swift; sourceTree = "<group>"; };
		3E62411E25EBB116001A8671 /* DetailsHeaderView.swift */ = {isa = PBXFileReference; lastKnownFileType = sourcecode.swift; path = DetailsHeaderView.swift; sourceTree = "<group>"; };
		3E62412225EBB265001A8671 /* DetailHeaderModel.swift */ = {isa = PBXFileReference; lastKnownFileType = sourcecode.swift; path = DetailHeaderModel.swift; sourceTree = "<group>"; };
		3E62412825EBB72E001A8671 /* TypeCollectionViewCell.swift */ = {isa = PBXFileReference; lastKnownFileType = sourcecode.swift; path = TypeCollectionViewCell.swift; sourceTree = "<group>"; };
		3E62412C25EBBA3D001A8671 /* DetailsHeaderViewModel.swift */ = {isa = PBXFileReference; lastKnownFileType = sourcecode.swift; path = DetailsHeaderViewModel.swift; sourceTree = "<group>"; };
		3E75BB4125F16F5000B96E2C /* SearchCollectionReusableView.swift */ = {isa = PBXFileReference; lastKnownFileType = sourcecode.swift; path = SearchCollectionReusableView.swift; sourceTree = "<group>"; };
		3E7CC0AC25E7E15900823793 /* AppCoordinator.swift */ = {isa = PBXFileReference; lastKnownFileType = sourcecode.swift; path = AppCoordinator.swift; sourceTree = "<group>"; };
		3E7CC0B025E7E35800823793 /* MainCoordinator.swift */ = {isa = PBXFileReference; lastKnownFileType = sourcecode.swift; path = MainCoordinator.swift; sourceTree = "<group>"; };
		3E7CC0B325E7E3C100823793 /* MainViewController.swift */ = {isa = PBXFileReference; lastKnownFileType = sourcecode.swift; path = MainViewController.swift; sourceTree = "<group>"; };
		3E7CC0B825E7E6FC00823793 /* MainViewModel.swift */ = {isa = PBXFileReference; lastKnownFileType = sourcecode.swift; path = MainViewModel.swift; sourceTree = "<group>"; };
		3E817DE125EEB3A6003036E5 /* AbilityViewModel.swift */ = {isa = PBXFileReference; lastKnownFileType = sourcecode.swift; path = AbilityViewModel.swift; sourceTree = "<group>"; };
		3E821AEE25E9097500BB991A /* PokemonCollectionViewCell.swift */ = {isa = PBXFileReference; fileEncoding = 4; lastKnownFileType = sourcecode.swift; path = PokemonCollectionViewCell.swift; sourceTree = "<group>"; };
		3E821AF625E90BC700BB991A /* Extensions.swift */ = {isa = PBXFileReference; lastKnownFileType = sourcecode.swift; path = Extensions.swift; sourceTree = "<group>"; };
		3E821AF925E92F4900BB991A /* LoaderViews.swift */ = {isa = PBXFileReference; lastKnownFileType = sourcecode.swift; path = LoaderViews.swift; sourceTree = "<group>"; };
		3EA3C82425E7A71200CBFEE7 /* PokeDexApp.app */ = {isa = PBXFileReference; explicitFileType = wrapper.application; includeInIndex = 0; path = PokeDexApp.app; sourceTree = BUILT_PRODUCTS_DIR; };
		3EA3C82725E7A71200CBFEE7 /* AppDelegate.swift */ = {isa = PBXFileReference; lastKnownFileType = sourcecode.swift; path = AppDelegate.swift; sourceTree = "<group>"; };
		3EA3C83025E7A71300CBFEE7 /* Assets.xcassets */ = {isa = PBXFileReference; lastKnownFileType = folder.assetcatalog; path = Assets.xcassets; sourceTree = "<group>"; };
		3EA3C83325E7A71300CBFEE7 /* Base */ = {isa = PBXFileReference; lastKnownFileType = file.storyboard; name = Base; path = Base.lproj/LaunchScreen.storyboard; sourceTree = "<group>"; };
		3EA3C83525E7A71300CBFEE7 /* Info.plist */ = {isa = PBXFileReference; lastKnownFileType = text.plist.xml; path = Info.plist; sourceTree = "<group>"; };
		3EAE3AE825F0221000B4BD5C /* DimensionsViewModel.swift */ = {isa = PBXFileReference; lastKnownFileType = sourcecode.swift; path = DimensionsViewModel.swift; sourceTree = "<group>"; };
		3EAE3AF225F0264500B4BD5C /* DimensionsTableViewCell.swift */ = {isa = PBXFileReference; fileEncoding = 4; lastKnownFileType = sourcecode.swift; path = DimensionsTableViewCell.swift; sourceTree = "<group>"; };
		3EAE73F825ECF54B0040153F /* StatsTableViewCell.swift */ = {isa = PBXFileReference; lastKnownFileType = sourcecode.swift; path = StatsTableViewCell.swift; sourceTree = "<group>"; };
		3EAE73FB25ECF7910040153F /* StatViewModel.swift */ = {isa = PBXFileReference; lastKnownFileType = sourcecode.swift; path = StatViewModel.swift; sourceTree = "<group>"; };
		3EC412DD25EBE4F70080C328 /* CarouselView.swift */ = {isa = PBXFileReference; lastKnownFileType = sourcecode.swift; path = CarouselView.swift; sourceTree = "<group>"; };
/* End PBXFileReference section */

/* Begin PBXFrameworksBuildPhase section */
		3EA3C82125E7A71200CBFEE7 /* Frameworks */ = {
			isa = PBXFrameworksBuildPhase;
			buildActionMask = 2147483647;
			files = (
			);
			runOnlyForDeploymentPostprocessing = 0;
		};
/* End PBXFrameworksBuildPhase section */

/* Begin PBXGroup section */
		3E43FC2625ED7629001FCE2C /* Views */ = {
			isa = PBXGroup;
			children = (
				3E821AF925E92F4900BB991A /* LoaderViews.swift */,
			);
			path = Views;
			sourceTree = "<group>";
		};
		3E55390D25E7EB720093214A /* Details */ = {
			isa = PBXGroup;
			children = (
				3E62412125EBB23E001A8671 /* Model */,
				3E55393025E81D250093214A /* DetailsCoordinator.swift */,
				3E55390F25E7EB870093214A /* Views */,
				3E55390E25E7EB810093214A /* ViewModel */,
			);
			path = Details;
			sourceTree = "<group>";
		};
		3E55390E25E7EB810093214A /* ViewModel */ = {
			isa = PBXGroup;
			children = (
				3EAE3AE725F021E400B4BD5C /* Dimensions */,
				3E817DDF25EEB384003036E5 /* Abilities */,
				3EAE73FF25ED1ADB0040153F /* Stats */,
				3E62412B25EBBA11001A8671 /* Header */,
				3E55393325E81D300093214A /* DetailsViewModel.swift */,
			);
			path = ViewModel;
			sourceTree = "<group>";
		};
		3E55390F25E7EB870093214A /* Views */ = {
			isa = PBXGroup;
			children = (
				3EAE3AED25F0260F00B4BD5C /* Dimensions */,
				3EAE73FE25ED1ACC0040153F /* Stats */,
				3E62412625EBB6C8001A8671 /* Headers */,
				3E55393625E81D360093214A /* DetailsViewController.swift */,
			);
			path = Views;
			sourceTree = "<group>";
		};
		3E55391B25E7FF610093214A /* Model */ = {
			isa = PBXGroup;
			children = (
				3E55393925E81D3E0093214A /* MainModel.swift */,
			);
			path = Model;
			sourceTree = "<group>";
		};
		3E55392325E801830093214A /* Model */ = {
			isa = PBXGroup;
			children = (
				3E55392425E801880093214A /* PokemonModel.swift */,
			);
			path = Model;
			sourceTree = "<group>";
		};
		3E55392525E8018B0093214A /* API */ = {
			isa = PBXGroup;
			children = (
				3E55392D25E81D1A0093214A /* PokeAPI.swift */,
			);
			path = API;
			sourceTree = "<group>";
		};
		3E55392725E806A60093214A /* Common */ = {
			isa = PBXGroup;
			children = (
				3E43FC2625ED7629001FCE2C /* Views */,
				3E55392325E801830093214A /* Model */,
				3E7CC0AC25E7E15900823793 /* AppCoordinator.swift */,
				3E55392525E8018B0093214A /* API */,
				3E821AF625E90BC700BB991A /* Extensions.swift */,
			);
			path = Common;
			sourceTree = "<group>";
		};
		3E62412125EBB23E001A8671 /* Model */ = {
			isa = PBXGroup;
			children = (
				3E62413025EBBA7C001A8671 /* Header */,
			);
			path = Model;
			sourceTree = "<group>";
		};
		3E62412625EBB6C8001A8671 /* Headers */ = {
			isa = PBXGroup;
			children = (
				3EC412DD25EBE4F70080C328 /* CarouselView.swift */,
				3E62411E25EBB116001A8671 /* DetailsHeaderView.swift */,
				3E62412825EBB72E001A8671 /* TypeCollectionViewCell.swift */,
			);
			path = Headers;
			sourceTree = "<group>";
		};
		3E62412B25EBBA11001A8671 /* Header */ = {
			isa = PBXGroup;
			children = (
				3E62412C25EBBA3D001A8671 /* DetailsHeaderViewModel.swift */,
			);
			path = Header;
			sourceTree = "<group>";
		};
		3E62413025EBBA7C001A8671 /* Header */ = {
			isa = PBXGroup;
			children = (
				3E62412225EBB265001A8671 /* DetailHeaderModel.swift */,
			);
			path = Header;
			sourceTree = "<group>";
		};
		3E7CC0A925E7E12400823793 /* App */ = {
			isa = PBXGroup;
			children = (
				3E55392725E806A60093214A /* Common */,
				3E7CC0AA25E7E12800823793 /* Main */,
				3E55390D25E7EB720093214A /* Details */,
			);
			path = App;
			sourceTree = "<group>";
		};
		3E7CC0AA25E7E12800823793 /* Main */ = {
			isa = PBXGroup;
			children = (
				3E55391B25E7FF610093214A /* Model */,
				3E7CC0B725E7E6DF00823793 /* ViewModel */,
				3E7CC0B625E7E51300823793 /* Views */,
				3E7CC0B025E7E35800823793 /* MainCoordinator.swift */,
			);
			path = Main;
			sourceTree = "<group>";
		};
		3E7CC0B625E7E51300823793 /* Views */ = {
			isa = PBXGroup;
			children = (
				3E7CC0B325E7E3C100823793 /* MainViewController.swift */,
				3E821AEE25E9097500BB991A /* PokemonCollectionViewCell.swift */,
				3E75BB4125F16F5000B96E2C /* SearchCollectionReusableView.swift */,
			);
			path = Views;
			sourceTree = "<group>";
		};
		3E7CC0B725E7E6DF00823793 /* ViewModel */ = {
			isa = PBXGroup;
			children = (
				3E7CC0B825E7E6FC00823793 /* MainViewModel.swift */,
				3E43FC1F25ED6D65001FCE2C /* PokemonCellViewModel.swift */,
			);
			path = ViewModel;
			sourceTree = "<group>";
		};
		3E817DDF25EEB384003036E5 /* Abilities */ = {
			isa = PBXGroup;
			children = (
				3E817DE125EEB3A6003036E5 /* AbilityViewModel.swift */,
			);
			path = Abilities;
			sourceTree = "<group>";
		};
		3EA3C81B25E7A71200CBFEE7 = {
			isa = PBXGroup;
			children = (
				3EA3C82625E7A71200CBFEE7 /* PokeDexApp */,
				3EA3C82525E7A71200CBFEE7 /* Products */,
			);
			sourceTree = "<group>";
		};
		3EA3C82525E7A71200CBFEE7 /* Products */ = {
			isa = PBXGroup;
			children = (
				3EA3C82425E7A71200CBFEE7 /* PokeDexApp.app */,
			);
			name = Products;
			sourceTree = "<group>";
		};
		3EA3C82625E7A71200CBFEE7 /* PokeDexApp */ = {
			isa = PBXGroup;
			children = (
				3E7CC0A925E7E12400823793 /* App */,
				3EA3C82725E7A71200CBFEE7 /* AppDelegate.swift */,
				3EA3C83025E7A71300CBFEE7 /* Assets.xcassets */,
				3EA3C83225E7A71300CBFEE7 /* LaunchScreen.storyboard */,
				3EA3C83525E7A71300CBFEE7 /* Info.plist */,
			);
			path = PokeDexApp;
			sourceTree = "<group>";
		};
		3EAE3AE725F021E400B4BD5C /* Dimensions */ = {
			isa = PBXGroup;
			children = (
				3EAE3AE825F0221000B4BD5C /* DimensionsViewModel.swift */,
			);
			path = Dimensions;
			sourceTree = "<group>";
		};
		3EAE3AED25F0260F00B4BD5C /* Dimensions */ = {
			isa = PBXGroup;
			children = (
				3EAE3AF225F0264500B4BD5C /* DimensionsTableViewCell.swift */,
			);
			path = Dimensions;
			sourceTree = "<group>";
		};
		3EAE73FE25ED1ACC0040153F /* Stats */ = {
			isa = PBXGroup;
			children = (
				3EAE73F825ECF54B0040153F /* StatsTableViewCell.swift */,
			);
			path = Stats;
			sourceTree = "<group>";
		};
		3EAE73FF25ED1ADB0040153F /* Stats */ = {
			isa = PBXGroup;
			children = (
				3EAE73FB25ECF7910040153F /* StatViewModel.swift */,
			);
			path = Stats;
			sourceTree = "<group>";
		};
/* End PBXGroup section */

/* Begin PBXNativeTarget section */
		3EA3C82325E7A71200CBFEE7 /* PokeDexApp */ = {
			isa = PBXNativeTarget;
			buildConfigurationList = 3EA3C83825E7A71300CBFEE7 /* Build configuration list for PBXNativeTarget "PokeDexApp" */;
			buildPhases = (
				3EA3C82025E7A71200CBFEE7 /* Sources */,
				3EA3C82125E7A71200CBFEE7 /* Frameworks */,
				3EA3C82225E7A71200CBFEE7 /* Resources */,
			);
			buildRules = (
			);
			dependencies = (
			);
			name = PokeDexApp;
			productName = PokeDexApp;
			productReference = 3EA3C82425E7A71200CBFEE7 /* PokeDexApp.app */;
			productType = "com.apple.product-type.application";
		};
/* End PBXNativeTarget section */

/* Begin PBXProject section */
		3EA3C81C25E7A71200CBFEE7 /* Project object */ = {
			isa = PBXProject;
			attributes = {
				LastSwiftUpdateCheck = 1200;
				LastUpgradeCheck = 1200;
				TargetAttributes = {
					3EA3C82325E7A71200CBFEE7 = {
						CreatedOnToolsVersion = 12.0.1;
					};
				};
			};
			buildConfigurationList = 3EA3C81F25E7A71200CBFEE7 /* Build configuration list for PBXProject "PokeDexApp" */;
			compatibilityVersion = "Xcode 9.3";
			developmentRegion = en;
			hasScannedForEncodings = 0;
			knownRegions = (
				en,
				Base,
			);
			mainGroup = 3EA3C81B25E7A71200CBFEE7;
			productRefGroup = 3EA3C82525E7A71200CBFEE7 /* Products */;
			projectDirPath = "";
			projectRoot = "";
			targets = (
				3EA3C82325E7A71200CBFEE7 /* PokeDexApp */,
			);
		};
/* End PBXProject section */

/* Begin PBXResourcesBuildPhase section */
		3EA3C82225E7A71200CBFEE7 /* Resources */ = {
			isa = PBXResourcesBuildPhase;
			buildActionMask = 2147483647;
			files = (
				3EA3C83425E7A71300CBFEE7 /* LaunchScreen.storyboard in Resources */,
				3EA3C83125E7A71300CBFEE7 /* Assets.xcassets in Resources */,
			);
			runOnlyForDeploymentPostprocessing = 0;
		};
/* End PBXResourcesBuildPhase section */

/* Begin PBXSourcesBuildPhase section */
		3EA3C82025E7A71200CBFEE7 /* Sources */ = {
			isa = PBXSourcesBuildPhase;
			buildActionMask = 2147483647;
			files = (
				3E62412D25EBBA3D001A8671 /* DetailsHeaderViewModel.swift in Sources */,
				3EAE73F925ECF54B0040153F /* StatsTableViewCell.swift in Sources */,
				3E7CC0B925E7E6FC00823793 /* MainViewModel.swift in Sources */,
				3E7CC0AD25E7E15900823793 /* AppCoordinator.swift in Sources */,
				3E55393725E81D360093214A /* DetailsViewController.swift in Sources */,
				3EAE3AF325F0264500B4BD5C /* DimensionsTableViewCell.swift in Sources */,
				3E821AFA25E92F4900BB991A /* LoaderViews.swift in Sources */,
				3E821AEF25E9097500BB991A /* PokemonCollectionViewCell.swift in Sources */,
				3EAE73FC25ECF7910040153F /* StatViewModel.swift in Sources */,
				3E7CC0B125E7E35800823793 /* MainCoordinator.swift in Sources */,
				3E55393425E81D300093214A /* DetailsViewModel.swift in Sources */,
				3E55392E25E81D1A0093214A /* PokeAPI.swift in Sources */,
				3E817DE225EEB3A6003036E5 /* AbilityViewModel.swift in Sources */,
				3EC412DE25EBE4F70080C328 /* CarouselView.swift in Sources */,
				3E821AF425E90AE900BB991A /* PokemonModel.swift in Sources */,
				3EAE3AE925F0221000B4BD5C /* DimensionsViewModel.swift in Sources */,
				3E62411F25EBB116001A8671 /* DetailsHeaderView.swift in Sources */,
				3E821AF725E90BC700BB991A /* Extensions.swift in Sources */,
				3E62412925EBB72E001A8671 /* TypeCollectionViewCell.swift in Sources */,
				3E55393125E81D250093214A /* DetailsCoordinator.swift in Sources */,
				3EA3C82825E7A71200CBFEE7 /* AppDelegate.swift in Sources */,
				3E43FC2025ED6D65001FCE2C /* PokemonCellViewModel.swift in Sources */,
				3E55393A25E81D3E0093214A /* MainModel.swift in Sources */,
				3E75BB4225F16F5000B96E2C /* SearchCollectionReusableView.swift in Sources */,
				3E7CC0B425E7E3C100823793 /* MainViewController.swift in Sources */,
				3E62412325EBB265001A8671 /* DetailHeaderModel.swift in Sources */,
			);
			runOnlyForDeploymentPostprocessing = 0;
		};
/* End PBXSourcesBuildPhase section */

/* Begin PBXVariantGroup section */
		3EA3C83225E7A71300CBFEE7 /* LaunchScreen.storyboard */ = {
			isa = PBXVariantGroup;
			children = (
				3EA3C83325E7A71300CBFEE7 /* Base */,
			);
			name = LaunchScreen.storyboard;
			sourceTree = "<group>";
		};
/* End PBXVariantGroup section */

/* Begin XCBuildConfiguration section */
		3EA3C83625E7A71300CBFEE7 /* Debug */ = {
			isa = XCBuildConfiguration;
			buildSettings = {
				ALWAYS_SEARCH_USER_PATHS = NO;
				CLANG_ANALYZER_NONNULL = YES;
				CLANG_ANALYZER_NUMBER_OBJECT_CONVERSION = YES_AGGRESSIVE;
				CLANG_CXX_LANGUAGE_STANDARD = "gnu++14";
				CLANG_CXX_LIBRARY = "libc++";
				CLANG_ENABLE_MODULES = YES;
				CLANG_ENABLE_OBJC_ARC = YES;
				CLANG_ENABLE_OBJC_WEAK = YES;
				CLANG_WARN_BLOCK_CAPTURE_AUTORELEASING = YES;
				CLANG_WARN_BOOL_CONVERSION = YES;
				CLANG_WARN_COMMA = YES;
				CLANG_WARN_CONSTANT_CONVERSION = YES;
				CLANG_WARN_DEPRECATED_OBJC_IMPLEMENTATIONS = YES;
				CLANG_WARN_DIRECT_OBJC_ISA_USAGE = YES_ERROR;
				CLANG_WARN_DOCUMENTATION_COMMENTS = YES;
				CLANG_WARN_EMPTY_BODY = YES;
				CLANG_WARN_ENUM_CONVERSION = YES;
				CLANG_WARN_INFINITE_RECURSION = YES;
				CLANG_WARN_INT_CONVERSION = YES;
				CLANG_WARN_NON_LITERAL_NULL_CONVERSION = YES;
				CLANG_WARN_OBJC_IMPLICIT_RETAIN_SELF = YES;
				CLANG_WARN_OBJC_LITERAL_CONVERSION = YES;
				CLANG_WARN_OBJC_ROOT_CLASS = YES_ERROR;
				CLANG_WARN_QUOTED_INCLUDE_IN_FRAMEWORK_HEADER = YES;
				CLANG_WARN_RANGE_LOOP_ANALYSIS = YES;
				CLANG_WARN_STRICT_PROTOTYPES = YES;
				CLANG_WARN_SUSPICIOUS_MOVE = YES;
				CLANG_WARN_UNGUARDED_AVAILABILITY = YES_AGGRESSIVE;
				CLANG_WARN_UNREACHABLE_CODE = YES;
				CLANG_WARN__DUPLICATE_METHOD_MATCH = YES;
				COPY_PHASE_STRIP = NO;
				DEBUG_INFORMATION_FORMAT = dwarf;
				ENABLE_STRICT_OBJC_MSGSEND = YES;
				ENABLE_TESTABILITY = YES;
				GCC_C_LANGUAGE_STANDARD = gnu11;
				GCC_DYNAMIC_NO_PIC = NO;
				GCC_NO_COMMON_BLOCKS = YES;
				GCC_OPTIMIZATION_LEVEL = 0;
				GCC_PREPROCESSOR_DEFINITIONS = (
					"DEBUG=1",
					"$(inherited)",
				);
				GCC_WARN_64_TO_32_BIT_CONVERSION = YES;
				GCC_WARN_ABOUT_RETURN_TYPE = YES_ERROR;
				GCC_WARN_UNDECLARED_SELECTOR = YES;
				GCC_WARN_UNINITIALIZED_AUTOS = YES_AGGRESSIVE;
				GCC_WARN_UNUSED_FUNCTION = YES;
				GCC_WARN_UNUSED_VARIABLE = YES;
				IPHONEOS_DEPLOYMENT_TARGET = 14.0;
				MTL_ENABLE_DEBUG_INFO = INCLUDE_SOURCE;
				MTL_FAST_MATH = YES;
				ONLY_ACTIVE_ARCH = YES;
				SDKROOT = iphoneos;
				SWIFT_ACTIVE_COMPILATION_CONDITIONS = DEBUG;
				SWIFT_OPTIMIZATION_LEVEL = "-Onone";
			};
			name = Debug;
		};
		3EA3C83725E7A71300CBFEE7 /* Release */ = {
			isa = XCBuildConfiguration;
			buildSettings = {
				ALWAYS_SEARCH_USER_PATHS = NO;
				CLANG_ANALYZER_NONNULL = YES;
				CLANG_ANALYZER_NUMBER_OBJECT_CONVERSION = YES_AGGRESSIVE;
				CLANG_CXX_LANGUAGE_STANDARD = "gnu++14";
				CLANG_CXX_LIBRARY = "libc++";
				CLANG_ENABLE_MODULES = YES;
				CLANG_ENABLE_OBJC_ARC = YES;
				CLANG_ENABLE_OBJC_WEAK = YES;
				CLANG_WARN_BLOCK_CAPTURE_AUTORELEASING = YES;
				CLANG_WARN_BOOL_CONVERSION = YES;
				CLANG_WARN_COMMA = YES;
				CLANG_WARN_CONSTANT_CONVERSION = YES;
				CLANG_WARN_DEPRECATED_OBJC_IMPLEMENTATIONS = YES;
				CLANG_WARN_DIRECT_OBJC_ISA_USAGE = YES_ERROR;
				CLANG_WARN_DOCUMENTATION_COMMENTS = YES;
				CLANG_WARN_EMPTY_BODY = YES;
				CLANG_WARN_ENUM_CONVERSION = YES;
				CLANG_WARN_INFINITE_RECURSION = YES;
				CLANG_WARN_INT_CONVERSION = YES;
				CLANG_WARN_NON_LITERAL_NULL_CONVERSION = YES;
				CLANG_WARN_OBJC_IMPLICIT_RETAIN_SELF = YES;
				CLANG_WARN_OBJC_LITERAL_CONVERSION = YES;
				CLANG_WARN_OBJC_ROOT_CLASS = YES_ERROR;
				CLANG_WARN_QUOTED_INCLUDE_IN_FRAMEWORK_HEADER = YES;
				CLANG_WARN_RANGE_LOOP_ANALYSIS = YES;
				CLANG_WARN_STRICT_PROTOTYPES = YES;
				CLANG_WARN_SUSPICIOUS_MOVE = YES;
				CLANG_WARN_UNGUARDED_AVAILABILITY = YES_AGGRESSIVE;
				CLANG_WARN_UNREACHABLE_CODE = YES;
				CLANG_WARN__DUPLICATE_METHOD_MATCH = YES;
				COPY_PHASE_STRIP = NO;
				DEBUG_INFORMATION_FORMAT = "dwarf-with-dsym";
				ENABLE_NS_ASSERTIONS = NO;
				ENABLE_STRICT_OBJC_MSGSEND = YES;
				GCC_C_LANGUAGE_STANDARD = gnu11;
				GCC_NO_COMMON_BLOCKS = YES;
				GCC_WARN_64_TO_32_BIT_CONVERSION = YES;
				GCC_WARN_ABOUT_RETURN_TYPE = YES_ERROR;
				GCC_WARN_UNDECLARED_SELECTOR = YES;
				GCC_WARN_UNINITIALIZED_AUTOS = YES_AGGRESSIVE;
				GCC_WARN_UNUSED_FUNCTION = YES;
				GCC_WARN_UNUSED_VARIABLE = YES;
				IPHONEOS_DEPLOYMENT_TARGET = 14.0;
				MTL_ENABLE_DEBUG_INFO = NO;
				MTL_FAST_MATH = YES;
				SDKROOT = iphoneos;
				SWIFT_COMPILATION_MODE = wholemodule;
				SWIFT_OPTIMIZATION_LEVEL = "-O";
				VALIDATE_PRODUCT = YES;
			};
			name = Release;
		};
		3EA3C83925E7A71300CBFEE7 /* Debug */ = {
			isa = XCBuildConfiguration;
			buildSettings = {
				ASSETCATALOG_COMPILER_APPICON_NAME = AppIcon;
				ASSETCATALOG_COMPILER_GLOBAL_ACCENT_COLOR_NAME = AccentColor;
				CODE_SIGN_STYLE = Automatic;
				INFOPLIST_FILE = PokeDexApp/Info.plist;
				IPHONEOS_DEPLOYMENT_TARGET = 11.0;
				LD_RUNPATH_SEARCH_PATHS = (
					"$(inherited)",
					"@executable_path/Frameworks",
				);
				PRODUCT_BUNDLE_IDENTIFIER = andreamassari.PokeDexApp;
				PRODUCT_NAME = "$(TARGET_NAME)";
				SWIFT_VERSION = 5.0;
				TARGETED_DEVICE_FAMILY = "1,2";
			};
			name = Debug;
		};
		3EA3C83A25E7A71300CBFEE7 /* Release */ = {
			isa = XCBuildConfiguration;
			buildSettings = {
				ASSETCATALOG_COMPILER_APPICON_NAME = AppIcon;
				ASSETCATALOG_COMPILER_GLOBAL_ACCENT_COLOR_NAME = AccentColor;
				CODE_SIGN_STYLE = Automatic;
				INFOPLIST_FILE = PokeDexApp/Info.plist;
				IPHONEOS_DEPLOYMENT_TARGET = 11.0;
				LD_RUNPATH_SEARCH_PATHS = (
					"$(inherited)",
					"@executable_path/Frameworks",
				);
				PRODUCT_BUNDLE_IDENTIFIER = andreamassari.PokeDexApp;
				PRODUCT_NAME = "$(TARGET_NAME)";
				SWIFT_VERSION = 5.0;
				TARGETED_DEVICE_FAMILY = "1,2";
			};
			name = Release;
		};
/* End XCBuildConfiguration section */

/* Begin XCConfigurationList section */
		3EA3C81F25E7A71200CBFEE7 /* Build configuration list for PBXProject "PokeDexApp" */ = {
			isa = XCConfigurationList;
			buildConfigurations = (
				3EA3C83625E7A71300CBFEE7 /* Debug */,
				3EA3C83725E7A71300CBFEE7 /* Release */,
			);
			defaultConfigurationIsVisible = 0;
			defaultConfigurationName = Release;
		};
		3EA3C83825E7A71300CBFEE7 /* Build configuration list for PBXNativeTarget "PokeDexApp" */ = {
			isa = XCConfigurationList;
			buildConfigurations = (
				3EA3C83925E7A71300CBFEE7 /* Debug */,
				3EA3C83A25E7A71300CBFEE7 /* Release */,
			);
			defaultConfigurationIsVisible = 0;
			defaultConfigurationName = Release;
		};
/* End XCConfigurationList section */
	};
	rootObject = 3EA3C81C25E7A71200CBFEE7 /* Project object */;
}
